
Microsoft Visual Studio Solution File, Format Version 12.00
# Visual Studio Version 17
VisualStudioVersion = 17.7.34031.279
MinimumVisualStudioVersion = 10.0.40219.1
Project("{FAE04EC0-301F-11D3-BF4B-00C04F79EFBC}") = "Streaming", "Streaming\Streaming.csproj", "{796CE0BE-5ACD-431F-9ACB-2FA45575DA69}"
EndProject
Global
	GlobalSection(SolutionConfigurationPlatforms) = preSolution
		Debug|Any CPU = Debug|Any CPU
		Release|Any CPU = Release|Any CPU
	EndGlobalSection
	GlobalSection(ProjectConfigurationPlatforms) = postSolution
		{796CE0BE-5ACD-431F-9ACB-2FA45575DA69}.Debug|Any CPU.ActiveCfg = Debug|Any CPU
		{796CE0BE-5ACD-431F-9ACB-2FA45575DA69}.Debug|Any CPU.Build.0 = Debug|Any CPU
		{796CE0BE-5ACD-431F-9ACB-2FA45575DA69}.Release|Any CPU.ActiveCfg = Release|Any CPU
		{796CE0BE-5ACD-431F-9ACB-2FA45575DA69}.Release|Any CPU.Build.0 = Release|Any CPU
	EndGlobalSection
	GlobalSection(SolutionProperties) = preSolution
		HideSolutionNode = FALSE
	EndGlobalSection
	GlobalSection(ExtensibilityGlobals) = postSolution
		SolutionGuid = {3EDA081F-84AF-470E-A7D8-A0A091B88782}
	EndGlobalSection
EndGlobal
